
Microsoft Visual Studio Solution File, Format Version 12.00
# Visual Studio Version 17
VisualStudioVersion = 17.9.34728.123
MinimumVisualStudioVersion = 10.0.40219.1
Project("{FAE04EC0-301F-11D3-BF4B-00C04F79EFBC}") = "Comics", "Comics\Comics.csproj", "{329E43E8-FE7F-4AC3-85E8-8E33B0BF6114}"
EndProject
Global
	GlobalSection(SolutionConfigurationPlatforms) = preSolution
		Debug|Any CPU = Debug|Any CPU
		Release|Any CPU = Release|Any CPU
	EndGlobalSection
	GlobalSection(ProjectConfigurationPlatforms) = postSolution
		{329E43E8-FE7F-4AC3-85E8-8E33B0BF6114}.Debug|Any CPU.ActiveCfg = Debug|Any CPU
		{329E43E8-FE7F-4AC3-85E8-8E33B0BF6114}.Debug|Any CPU.Build.0 = Debug|Any CPU
		{329E43E8-FE7F-4AC3-85E8-8E33B0BF6114}.Release|Any CPU.ActiveCfg = Release|Any CPU
		{329E43E8-FE7F-4AC3-85E8-8E33B0BF6114}.Release|Any CPU.Build.0 = Release|Any CPU
	EndGlobalSection
	GlobalSection(SolutionProperties) = preSolution
		HideSolutionNode = FALSE
	EndGlobalSection
	GlobalSection(ExtensibilityGlobals) = postSolution
		SolutionGuid = {9EA10D25-F209-4F6A-A1F1-F7188FBC2CFD}
	EndGlobalSection
EndGlobal
