
Microsoft Visual Studio Solution File, Format Version 12.00
# Visual Studio Version 17
VisualStudioVersion = 17.9.34728.123
MinimumVisualStudioVersion = 10.0.40219.1
Project("{FAE04EC0-301F-11D3-BF4B-00C04F79EFBC}") = "Bird", "Bird\Bird.csproj", "{6598191A-71BC-4CFF-9D51-BB8CD9280292}"
EndProject
Global
	GlobalSection(SolutionConfigurationPlatforms) = preSolution
		Debug|Any CPU = Debug|Any CPU
		Release|Any CPU = Release|Any CPU
	EndGlobalSection
	GlobalSection(ProjectConfigurationPlatforms) = postSolution
		{6598191A-71BC-4CFF-9D51-BB8CD9280292}.Debug|Any CPU.ActiveCfg = Debug|Any CPU
		{6598191A-71BC-4CFF-9D51-BB8CD9280292}.Debug|Any CPU.Build.0 = Debug|Any CPU
		{6598191A-71BC-4CFF-9D51-BB8CD9280292}.Release|Any CPU.ActiveCfg = Release|Any CPU
		{6598191A-71BC-4CFF-9D51-BB8CD9280292}.Release|Any CPU.Build.0 = Release|Any CPU
	EndGlobalSection
	GlobalSection(SolutionProperties) = preSolution
		HideSolutionNode = FALSE
	EndGlobalSection
	GlobalSection(ExtensibilityGlobals) = postSolution
		SolutionGuid = {2C0CFF59-54A6-41E3-B31C-01C4AFD589F9}
	EndGlobalSection
EndGlobal
