
Microsoft Visual Studio Solution File, Format Version 12.00
# Visual Studio Version 17
VisualStudioVersion = 17.9.34728.123
MinimumVisualStudioVersion = 10.0.40219.1
Project("{FAE04EC0-301F-11D3-BF4B-00C04F79EFBC}") = "RollForDamage", "RollForDamage\RollForDamage.csproj", "{0F82FB8A-6057-4360-A32B-B8982EBE95BD}"
EndProject
Global
	GlobalSection(SolutionConfigurationPlatforms) = preSolution
		Debug|Any CPU = Debug|Any CPU
		Release|Any CPU = Release|Any CPU
	EndGlobalSection
	GlobalSection(ProjectConfigurationPlatforms) = postSolution
		{0F82FB8A-6057-4360-A32B-B8982EBE95BD}.Debug|Any CPU.ActiveCfg = Debug|Any CPU
		{0F82FB8A-6057-4360-A32B-B8982EBE95BD}.Debug|Any CPU.Build.0 = Debug|Any CPU
		{0F82FB8A-6057-4360-A32B-B8982EBE95BD}.Release|Any CPU.ActiveCfg = Release|Any CPU
		{0F82FB8A-6057-4360-A32B-B8982EBE95BD}.Release|Any CPU.Build.0 = Release|Any CPU
	EndGlobalSection
	GlobalSection(SolutionProperties) = preSolution
		HideSolutionNode = FALSE
	EndGlobalSection
	GlobalSection(ExtensibilityGlobals) = postSolution
		SolutionGuid = {404877FF-D85F-4DA4-A6F2-4F898CC532CB}
	EndGlobalSection
EndGlobal
