
Microsoft Visual Studio Solution File, Format Version 12.00
# Visual Studio Version 17
VisualStudioVersion = 17.9.34728.123
MinimumVisualStudioVersion = 10.0.40219.1
Project("{FAE04EC0-301F-11D3-BF4B-00C04F79EFBC}") = "Casino", "Casino\Casino.csproj", "{48A7EF9E-678F-48DF-9063-488AF809877E}"
EndProject
Global
	GlobalSection(SolutionConfigurationPlatforms) = preSolution
		Debug|Any CPU = Debug|Any CPU
		Release|Any CPU = Release|Any CPU
	EndGlobalSection
	GlobalSection(ProjectConfigurationPlatforms) = postSolution
		{48A7EF9E-678F-48DF-9063-488AF809877E}.Debug|Any CPU.ActiveCfg = Debug|Any CPU
		{48A7EF9E-678F-48DF-9063-488AF809877E}.Debug|Any CPU.Build.0 = Debug|Any CPU
		{48A7EF9E-678F-48DF-9063-488AF809877E}.Release|Any CPU.ActiveCfg = Release|Any CPU
		{48A7EF9E-678F-48DF-9063-488AF809877E}.Release|Any CPU.Build.0 = Release|Any CPU
	EndGlobalSection
	GlobalSection(SolutionProperties) = preSolution
		HideSolutionNode = FALSE
	EndGlobalSection
	GlobalSection(ExtensibilityGlobals) = postSolution
		SolutionGuid = {3ACCE3EF-855A-4C87-91FC-B116D04BF1EF}
	EndGlobalSection
EndGlobal
