
Microsoft Visual Studio Solution File, Format Version 12.00
# Visual Studio Version 17
VisualStudioVersion = 17.9.34728.123
MinimumVisualStudioVersion = 10.0.40219.1
Project("{FAE04EC0-301F-11D3-BF4B-00C04F79EFBC}") = "LinqTest", "LinqTest\LinqTest.csproj", "{BE96FC27-D184-4938-8C5F-C256A6175085}"
EndProject
Global
	GlobalSection(SolutionConfigurationPlatforms) = preSolution
		Debug|Any CPU = Debug|Any CPU
		Release|Any CPU = Release|Any CPU
	EndGlobalSection
	GlobalSection(ProjectConfigurationPlatforms) = postSolution
		{BE96FC27-D184-4938-8C5F-C256A6175085}.Debug|Any CPU.ActiveCfg = Debug|Any CPU
		{BE96FC27-D184-4938-8C5F-C256A6175085}.Debug|Any CPU.Build.0 = Debug|Any CPU
		{BE96FC27-D184-4938-8C5F-C256A6175085}.Release|Any CPU.ActiveCfg = Release|Any CPU
		{BE96FC27-D184-4938-8C5F-C256A6175085}.Release|Any CPU.Build.0 = Release|Any CPU
	EndGlobalSection
	GlobalSection(SolutionProperties) = preSolution
		HideSolutionNode = FALSE
	EndGlobalSection
	GlobalSection(ExtensibilityGlobals) = postSolution
		SolutionGuid = {0C14507A-DBF8-4985-B1DF-6D8383155945}
	EndGlobalSection
EndGlobal
