
Microsoft Visual Studio Solution File, Format Version 12.00
# Visual Studio Version 17
VisualStudioVersion = 17.9.34728.123
MinimumVisualStudioVersion = 10.0.40219.1
Project("{FAE04EC0-301F-11D3-BF4B-00C04F79EFBC}") = "Lambda", "Lambda\Lambda.csproj", "{263154C3-45CF-42CB-BFA4-5555D800384F}"
EndProject
Global
	GlobalSection(SolutionConfigurationPlatforms) = preSolution
		Debug|Any CPU = Debug|Any CPU
		Release|Any CPU = Release|Any CPU
	EndGlobalSection
	GlobalSection(ProjectConfigurationPlatforms) = postSolution
		{263154C3-45CF-42CB-BFA4-5555D800384F}.Debug|Any CPU.ActiveCfg = Debug|Any CPU
		{263154C3-45CF-42CB-BFA4-5555D800384F}.Debug|Any CPU.Build.0 = Debug|Any CPU
		{263154C3-45CF-42CB-BFA4-5555D800384F}.Release|Any CPU.ActiveCfg = Release|Any CPU
		{263154C3-45CF-42CB-BFA4-5555D800384F}.Release|Any CPU.Build.0 = Release|Any CPU
	EndGlobalSection
	GlobalSection(SolutionProperties) = preSolution
		HideSolutionNode = FALSE
	EndGlobalSection
	GlobalSection(ExtensibilityGlobals) = postSolution
		SolutionGuid = {EA84AC3E-491D-493A-9C8F-C81E58530DFB}
	EndGlobalSection
EndGlobal
