
Microsoft Visual Studio Solution File, Format Version 12.00
# Visual Studio Version 17
VisualStudioVersion = 17.9.34728.123
MinimumVisualStudioVersion = 10.0.40219.1
Project("{FAE04EC0-301F-11D3-BF4B-00C04F79EFBC}") = "Cards", "Cards\Cards.csproj", "{1394F31A-446F-4B81-BCD9-119A884FAADA}"
EndProject
Global
	GlobalSection(SolutionConfigurationPlatforms) = preSolution
		Debug|Any CPU = Debug|Any CPU
		Release|Any CPU = Release|Any CPU
	EndGlobalSection
	GlobalSection(ProjectConfigurationPlatforms) = postSolution
		{1394F31A-446F-4B81-BCD9-119A884FAADA}.Debug|Any CPU.ActiveCfg = Debug|Any CPU
		{1394F31A-446F-4B81-BCD9-119A884FAADA}.Debug|Any CPU.Build.0 = Debug|Any CPU
		{1394F31A-446F-4B81-BCD9-119A884FAADA}.Release|Any CPU.ActiveCfg = Release|Any CPU
		{1394F31A-446F-4B81-BCD9-119A884FAADA}.Release|Any CPU.Build.0 = Release|Any CPU
	EndGlobalSection
	GlobalSection(SolutionProperties) = preSolution
		HideSolutionNode = FALSE
	EndGlobalSection
	GlobalSection(ExtensibilityGlobals) = postSolution
		SolutionGuid = {24F98895-2954-4E8E-BC35-51A8915A2282}
	EndGlobalSection
EndGlobal
